
Microsoft Visual Studio Solution File, Format Version 12.00
# Visual Studio Version 17
VisualStudioVersion = 17.2.32519.379
MinimumVisualStudioVersion = 10.0.40219.1
Project("{9A19103F-16F7-4668-BE54-9A1E7A4F7556}") = "BusinessLogic", "BusinessLogic\BusinessLogic.csproj", "{ADD68F54-EF1D-4B33-AE36-2A0F01B91A15}"
EndProject
Project("{9A19103F-16F7-4668-BE54-9A1E7A4F7556}") = "DataBase", "DataBase\DataBase.csproj", "{7C5DE869-7E6A-44AA-9890-A61C8232C79A}"
EndProject
Project("{9A19103F-16F7-4668-BE54-9A1E7A4F7556}") = "IntegrationTest", "IntegrationTest\IntegrationTest.csproj", "{50C47B5F-2884-4ABC-9159-4D4E0CB3E172}"
EndProject
Project("{9A19103F-16F7-4668-BE54-9A1E7A4F7556}") = "DataBaseMigration", "DataBaseMigration\DataBaseMigration.csproj", "{B9F748A9-015E-4933-9F78-693657818921}"
EndProject
Project("{9A19103F-16F7-4668-BE54-9A1E7A4F7556}") = "AspNet6", "AspNet6\AspNet6.csproj", "{8A50B012-F7FE-4377-9A52-527959EE4A21}"
EndProject
Global
	GlobalSection(SolutionConfigurationPlatforms) = preSolution
		Debug|Any CPU = Debug|Any CPU
		Release|Any CPU = Release|Any CPU
	EndGlobalSection
	GlobalSection(ProjectConfigurationPlatforms) = postSolution
		{ADD68F54-EF1D-4B33-AE36-2A0F01B91A15}.Debug|Any CPU.ActiveCfg = Debug|Any CPU
		{ADD68F54-EF1D-4B33-AE36-2A0F01B91A15}.Debug|Any CPU.Build.0 = Debug|Any CPU
		{ADD68F54-EF1D-4B33-AE36-2A0F01B91A15}.Release|Any CPU.ActiveCfg = Release|Any CPU
		{ADD68F54-EF1D-4B33-AE36-2A0F01B91A15}.Release|Any CPU.Build.0 = Release|Any CPU
		{7C5DE869-7E6A-44AA-9890-A61C8232C79A}.Debug|Any CPU.ActiveCfg = Debug|Any CPU
		{7C5DE869-7E6A-44AA-9890-A61C8232C79A}.Debug|Any CPU.Build.0 = Debug|Any CPU
		{7C5DE869-7E6A-44AA-9890-A61C8232C79A}.Release|Any CPU.ActiveCfg = Release|Any CPU
		{7C5DE869-7E6A-44AA-9890-A61C8232C79A}.Release|Any CPU.Build.0 = Release|Any CPU
		{50C47B5F-2884-4ABC-9159-4D4E0CB3E172}.Debug|Any CPU.ActiveCfg = Debug|Any CPU
		{50C47B5F-2884-4ABC-9159-4D4E0CB3E172}.Debug|Any CPU.Build.0 = Debug|Any CPU
		{50C47B5F-2884-4ABC-9159-4D4E0CB3E172}.Release|Any CPU.ActiveCfg = Release|Any CPU
		{50C47B5F-2884-4ABC-9159-4D4E0CB3E172}.Release|Any CPU.Build.0 = Release|Any CPU
		{B9F748A9-015E-4933-9F78-693657818921}.Debug|Any CPU.ActiveCfg = Debug|Any CPU
		{B9F748A9-015E-4933-9F78-693657818921}.Debug|Any CPU.Build.0 = Debug|Any CPU
		{B9F748A9-015E-4933-9F78-693657818921}.Release|Any CPU.ActiveCfg = Release|Any CPU
		{B9F748A9-015E-4933-9F78-693657818921}.Release|Any CPU.Build.0 = Release|Any CPU
		{8A50B012-F7FE-4377-9A52-527959EE4A21}.Debug|Any CPU.ActiveCfg = Debug|Any CPU
		{8A50B012-F7FE-4377-9A52-527959EE4A21}.Debug|Any CPU.Build.0 = Debug|Any CPU
		{8A50B012-F7FE-4377-9A52-527959EE4A21}.Release|Any CPU.ActiveCfg = Release|Any CPU
		{8A50B012-F7FE-4377-9A52-527959EE4A21}.Release|Any CPU.Build.0 = Release|Any CPU
	EndGlobalSection
	GlobalSection(SolutionProperties) = preSolution
		HideSolutionNode = FALSE
	EndGlobalSection
	GlobalSection(ExtensibilityGlobals) = postSolution
		SolutionGuid = {26AB9D01-58AE-4E5D-B022-F673B6EA9FF6}
	EndGlobalSection
EndGlobal
